
Microsoft Visual Studio Solution File, Format Version 12.00
# Visual Studio 15
VisualStudioVersion = 15.0.27703.2000
MinimumVisualStudioVersion = 10.0.40219.1
Project("{FAE04EC0-301F-11D3-BF4B-00C04F79EFBC}") = "EstabCadastros.UI", "EstabCadastros\EstabCadastros.UI.csproj", "{6CF50F20-833E-41D5-99B6-C2368436F312}"
EndProject
Project("{FAE04EC0-301F-11D3-BF4B-00C04F79EFBC}") = "EstabCadastros.Dominio", "EstabCadastros.Dominio\EstabCadastros.Dominio.csproj", "{A0BDEF60-4279-418B-B1E0-8DBF93778464}"
EndProject
Project("{FAE04EC0-301F-11D3-BF4B-00C04F79EFBC}") = "EstabCadastros.Infra", "EstabCadastros.Infra\EstabCadastros.Infra.csproj", "{13F42B21-962E-4278-8154-ABB924986B83}"
EndProject
Project("{FAE04EC0-301F-11D3-BF4B-00C04F79EFBC}") = "EstabCadastros.Repositorio", "EstabCadastros.Repositorio\EstabCadastros.Repositorio.csproj", "{C8CCFC4D-05A5-4F60-8557-0E912704769C}"
EndProject
Project("{FAE04EC0-301F-11D3-BF4B-00C04F79EFBC}") = "EstabCadastros.Servico", "EstabCadastros.Servico\EstabCadastros.Servico.csproj", "{5CF462A0-9A1A-4628-97B5-C9F94DA76FDF}"
EndProject
Global
	GlobalSection(SolutionConfigurationPlatforms) = preSolution
		Debug|Any CPU = Debug|Any CPU
		Release|Any CPU = Release|Any CPU
	EndGlobalSection
	GlobalSection(ProjectConfigurationPlatforms) = postSolution
		{6CF50F20-833E-41D5-99B6-C2368436F312}.Debug|Any CPU.ActiveCfg = Debug|Any CPU
		{6CF50F20-833E-41D5-99B6-C2368436F312}.Debug|Any CPU.Build.0 = Debug|Any CPU
		{6CF50F20-833E-41D5-99B6-C2368436F312}.Release|Any CPU.ActiveCfg = Release|Any CPU
		{6CF50F20-833E-41D5-99B6-C2368436F312}.Release|Any CPU.Build.0 = Release|Any CPU
		{A0BDEF60-4279-418B-B1E0-8DBF93778464}.Debug|Any CPU.ActiveCfg = Debug|Any CPU
		{A0BDEF60-4279-418B-B1E0-8DBF93778464}.Debug|Any CPU.Build.0 = Debug|Any CPU
		{A0BDEF60-4279-418B-B1E0-8DBF93778464}.Release|Any CPU.ActiveCfg = Release|Any CPU
		{A0BDEF60-4279-418B-B1E0-8DBF93778464}.Release|Any CPU.Build.0 = Release|Any CPU
		{13F42B21-962E-4278-8154-ABB924986B83}.Debug|Any CPU.ActiveCfg = Debug|Any CPU
		{13F42B21-962E-4278-8154-ABB924986B83}.Debug|Any CPU.Build.0 = Debug|Any CPU
		{13F42B21-962E-4278-8154-ABB924986B83}.Release|Any CPU.ActiveCfg = Release|Any CPU
		{13F42B21-962E-4278-8154-ABB924986B83}.Release|Any CPU.Build.0 = Release|Any CPU
		{C8CCFC4D-05A5-4F60-8557-0E912704769C}.Debug|Any CPU.ActiveCfg = Debug|Any CPU
		{C8CCFC4D-05A5-4F60-8557-0E912704769C}.Debug|Any CPU.Build.0 = Debug|Any CPU
		{C8CCFC4D-05A5-4F60-8557-0E912704769C}.Release|Any CPU.ActiveCfg = Release|Any CPU
		{C8CCFC4D-05A5-4F60-8557-0E912704769C}.Release|Any CPU.Build.0 = Release|Any CPU
		{5CF462A0-9A1A-4628-97B5-C9F94DA76FDF}.Debug|Any CPU.ActiveCfg = Debug|Any CPU
		{5CF462A0-9A1A-4628-97B5-C9F94DA76FDF}.Debug|Any CPU.Build.0 = Debug|Any CPU
		{5CF462A0-9A1A-4628-97B5-C9F94DA76FDF}.Release|Any CPU.ActiveCfg = Release|Any CPU
		{5CF462A0-9A1A-4628-97B5-C9F94DA76FDF}.Release|Any CPU.Build.0 = Release|Any CPU
	EndGlobalSection
	GlobalSection(SolutionProperties) = preSolution
		HideSolutionNode = FALSE
	EndGlobalSection
	GlobalSection(ExtensibilityGlobals) = postSolution
		SolutionGuid = {7C497EE5-52E7-48B1-BB86-BD13D6531196}
	EndGlobalSection
EndGlobal
